
Microsoft Visual Studio Solution File, Format Version 12.00
# Visual Studio Version 16
VisualStudioVersion = 16.0.29324.140
MinimumVisualStudioVersion = 10.0.40219.1
Project("{FAE04EC0-301F-11D3-BF4B-00C04F79EFBC}") = "PersonelKayıt", "PersonelKayıt\PersonelKayıt.csproj", "{060DD31B-B4F9-476E-8A5E-3EA0E39C9C1E}"
EndProject
Global
	GlobalSection(SolutionConfigurationPlatforms) = preSolution
		Debug|Any CPU = Debug|Any CPU
		Release|Any CPU = Release|Any CPU
	EndGlobalSection
	GlobalSection(ProjectConfigurationPlatforms) = postSolution
		{060DD31B-B4F9-476E-8A5E-3EA0E39C9C1E}.Debug|Any CPU.ActiveCfg = Debug|Any CPU
		{060DD31B-B4F9-476E-8A5E-3EA0E39C9C1E}.Debug|Any CPU.Build.0 = Debug|Any CPU
		{060DD31B-B4F9-476E-8A5E-3EA0E39C9C1E}.Release|Any CPU.ActiveCfg = Release|Any CPU
		{060DD31B-B4F9-476E-8A5E-3EA0E39C9C1E}.Release|Any CPU.Build.0 = Release|Any CPU
	EndGlobalSection
	GlobalSection(SolutionProperties) = preSolution
		HideSolutionNode = FALSE
	EndGlobalSection
	GlobalSection(ExtensibilityGlobals) = postSolution
		SolutionGuid = {6FD1169B-81F2-4F20-995C-69541D60DB6C}
	EndGlobalSection
EndGlobal
